{
  "requires": true,
  "lockfileVersion": 1,
  "dependencies": {
    "vue": {
      "version": "2.6.12",
      "resolved": "https://registry.npmjs.org/vue/-/vue-2.6.12.tgz",
      "integrity": "sha512-uhmLFETqPPNyuLLbsKz6ioJ4q7AZHzD8ZVFNATNyICSZouqP2Sz0rotWQC8UNBF6VGSCs5abnKJoStA6JbCbfg=="
    },
    "vue-calendly": {
      "version": "0.0.4",
      "resolved": "https://registry.npmjs.org/vue-calendly/-/vue-calendly-0.0.4.tgz",
      "integrity": "sha512-SvYwPqhqg2scxao/d+TCoL2fdpZ3NOfpeRyfHswakV3rrgk6XobN2Yp/y6iRiTvv8N5q8wRcqQJMnSKE4AnZ2w==",
      "dev": true
    }
  }
}
